
Microsoft Visual Studio Solution File, Format Version 12.00
# Visual Studio Version 16
VisualStudioVersion = 16.0.31729.503
MinimumVisualStudioVersion = 10.0.40219.1
Project("{FAE04EC0-301F-11D3-BF4B-00C04F79EFBC}") = "BookYourShow", "BookYourShow.csproj", "{A5B21F89-9A16-4624-A791-076FD150AE7B}"
EndProject
Global
	GlobalSection(SolutionConfigurationPlatforms) = preSolution
		Debug|Any CPU = Debug|Any CPU
		Release|Any CPU = Release|Any CPU
	EndGlobalSection
	GlobalSection(ProjectConfigurationPlatforms) = postSolution
		{A5B21F89-9A16-4624-A791-076FD150AE7B}.Debug|Any CPU.ActiveCfg = Debug|Any CPU
		{A5B21F89-9A16-4624-A791-076FD150AE7B}.Debug|Any CPU.Build.0 = Debug|Any CPU
		{A5B21F89-9A16-4624-A791-076FD150AE7B}.Release|Any CPU.ActiveCfg = Debug|Any CPU
	EndGlobalSection
	GlobalSection(SolutionProperties) = preSolution
		HideSolutionNode = FALSE
	EndGlobalSection
	GlobalSection(ExtensibilityGlobals) = postSolution
		SolutionGuid = {6D633723-1603-48D0-A745-7E0940BA8610}
	EndGlobalSection
EndGlobal
